PODS:
  - ATSDK-Weex (0.0.1)
  - SDWebImage (3.7.5):
    - SDWebImage/Core (= 3.7.5)
  - SDWebImage/Core (3.7.5)
  - SocketRocket (0.4.2)
  - WeexSDK (0.8.0):
    - SocketRocket
  - WXDevtool (0.8.0):
    - WeexSDK

DEPENDENCIES:
  - ATSDK-Weex (= 0.0.1)
  - SDWebImage (= 3.7.5)
  - SocketRocket (= 0.4.2)
  - WeexSDK
  - WXDevtool (= 0.8.0)

SPEC CHECKSUMS:
  ATSDK-Weex: 1b27558f4336d77fb97704d34fc6ad1fd468592c
  SDWebImage: 69c6303e3348fba97e03f65d65d4fbc26740f461
  SocketRocket: ffe08119b00ef982f6c37052a4705a057c8494ad
  WeexSDK: 45d845987fc2165405abbf7f78131958a2c48757
  WXDevtool: 7042aa31aaa4e2749f57bf05cecc8cfc66d6a2d9

PODFILE CHECKSUM: fba86bfb05a33128a8fb5a1550261723bec00b83

COCOAPODS: 1.0.1
